
Microsoft Visual Studio Solution File, Format Version 12.00
# Visual Studio Version 16
VisualStudioVersion = 16.0.31005.135
MinimumVisualStudioVersion = 10.0.40219.1
Project("{9A19103F-16F7-4668-BE54-9A1E7A4F7556}") = "Server", "Server\Server.csproj", "{34D1C6EE-77DC-4039-B6E6-39D19098174A}"
EndProject
Project("{9A19103F-16F7-4668-BE54-9A1E7A4F7556}") = "SFML_Engine", "SFML_Engine\SFML_Engine.csproj", "{A8DB18F7-9F3A-4DBB-8A1F-E48D1AC5AAE2}"
EndProject
Project("{9A19103F-16F7-4668-BE54-9A1E7A4F7556}") = "Client", "Client\Client.csproj", "{0E2B8487-C361-4E8D-A5D3-985EDE45FA03}"
EndProject
Project("{FAE04EC0-301F-11D3-BF4B-00C04F79EFBC}") = "LahusaPackets", "LahusaPackets\LahusaPackets.csproj", "{7B94EB94-8C4F-43F4-9F02-13B0307A6921}"
EndProject
Global
	GlobalSection(SolutionConfigurationPlatforms) = preSolution
		Debug|Any CPU = Debug|Any CPU
		Debug|x64 = Debug|x64
		Debug|x86 = Debug|x86
		Release|Any CPU = Release|Any CPU
		Release|x64 = Release|x64
		Release|x86 = Release|x86
	EndGlobalSection
	GlobalSection(ProjectConfigurationPlatforms) = postSolution
		{34D1C6EE-77DC-4039-B6E6-39D19098174A}.Debug|Any CPU.ActiveCfg = Debug|Any CPU
		{34D1C6EE-77DC-4039-B6E6-39D19098174A}.Debug|Any CPU.Build.0 = Debug|Any CPU
		{34D1C6EE-77DC-4039-B6E6-39D19098174A}.Debug|x64.ActiveCfg = Debug|Any CPU
		{34D1C6EE-77DC-4039-B6E6-39D19098174A}.Debug|x64.Build.0 = Debug|Any CPU
		{34D1C6EE-77DC-4039-B6E6-39D19098174A}.Debug|x86.ActiveCfg = Debug|Any CPU
		{34D1C6EE-77DC-4039-B6E6-39D19098174A}.Debug|x86.Build.0 = Debug|Any CPU
		{34D1C6EE-77DC-4039-B6E6-39D19098174A}.Release|Any CPU.ActiveCfg = Release|Any CPU
		{34D1C6EE-77DC-4039-B6E6-39D19098174A}.Release|Any CPU.Build.0 = Release|Any CPU
		{34D1C6EE-77DC-4039-B6E6-39D19098174A}.Release|x64.ActiveCfg = Release|Any CPU
		{34D1C6EE-77DC-4039-B6E6-39D19098174A}.Release|x64.Build.0 = Release|Any CPU
		{34D1C6EE-77DC-4039-B6E6-39D19098174A}.Release|x86.ActiveCfg = Release|Any CPU
		{34D1C6EE-77DC-4039-B6E6-39D19098174A}.Release|x86.Build.0 = Release|Any CPU
		{A8DB18F7-9F3A-4DBB-8A1F-E48D1AC5AAE2}.Debug|Any CPU.ActiveCfg = Debug|Any CPU
		{A8DB18F7-9F3A-4DBB-8A1F-E48D1AC5AAE2}.Debug|Any CPU.Build.0 = Debug|Any CPU
		{A8DB18F7-9F3A-4DBB-8A1F-E48D1AC5AAE2}.Debug|x64.ActiveCfg = Debug|x64
		{A8DB18F7-9F3A-4DBB-8A1F-E48D1AC5AAE2}.Debug|x64.Build.0 = Debug|x64
		{A8DB18F7-9F3A-4DBB-8A1F-E48D1AC5AAE2}.Debug|x86.ActiveCfg = Debug|x86
		{A8DB18F7-9F3A-4DBB-8A1F-E48D1AC5AAE2}.Debug|x86.Build.0 = Debug|x86
		{A8DB18F7-9F3A-4DBB-8A1F-E48D1AC5AAE2}.Release|Any CPU.ActiveCfg = Release|Any CPU
		{A8DB18F7-9F3A-4DBB-8A1F-E48D1AC5AAE2}.Release|Any CPU.Build.0 = Release|Any CPU
		{A8DB18F7-9F3A-4DBB-8A1F-E48D1AC5AAE2}.Release|x64.ActiveCfg = Release|x64
		{A8DB18F7-9F3A-4DBB-8A1F-E48D1AC5AAE2}.Release|x64.Build.0 = Release|x64
		{A8DB18F7-9F3A-4DBB-8A1F-E48D1AC5AAE2}.Release|x86.ActiveCfg = Release|x86
		{A8DB18F7-9F3A-4DBB-8A1F-E48D1AC5AAE2}.Release|x86.Build.0 = Release|x86
		{0E2B8487-C361-4E8D-A5D3-985EDE45FA03}.Debug|Any CPU.ActiveCfg = Debug|Any CPU
		{0E2B8487-C361-4E8D-A5D3-985EDE45FA03}.Debug|Any CPU.Build.0 = Debug|Any CPU
		{0E2B8487-C361-4E8D-A5D3-985EDE45FA03}.Debug|x64.ActiveCfg = Debug|Any CPU
		{0E2B8487-C361-4E8D-A5D3-985EDE45FA03}.Debug|x64.Build.0 = Debug|Any CPU
		{0E2B8487-C361-4E8D-A5D3-985EDE45FA03}.Debug|x86.ActiveCfg = Debug|Any CPU
		{0E2B8487-C361-4E8D-A5D3-985EDE45FA03}.Debug|x86.Build.0 = Debug|Any CPU
		{0E2B8487-C361-4E8D-A5D3-985EDE45FA03}.Release|Any CPU.ActiveCfg = Release|Any CPU
		{0E2B8487-C361-4E8D-A5D3-985EDE45FA03}.Release|Any CPU.Build.0 = Release|Any CPU
		{0E2B8487-C361-4E8D-A5D3-985EDE45FA03}.Release|x64.ActiveCfg = Release|Any CPU
		{0E2B8487-C361-4E8D-A5D3-985EDE45FA03}.Release|x64.Build.0 = Release|Any CPU
		{0E2B8487-C361-4E8D-A5D3-985EDE45FA03}.Release|x86.ActiveCfg = Release|Any CPU
		{0E2B8487-C361-4E8D-A5D3-985EDE45FA03}.Release|x86.Build.0 = Release|Any CPU
		{7B94EB94-8C4F-43F4-9F02-13B0307A6921}.Debug|Any CPU.ActiveCfg = Debug|Any CPU
		{7B94EB94-8C4F-43F4-9F02-13B0307A6921}.Debug|Any CPU.Build.0 = Debug|Any CPU
		{7B94EB94-8C4F-43F4-9F02-13B0307A6921}.Debug|x64.ActiveCfg = Debug|Any CPU
		{7B94EB94-8C4F-43F4-9F02-13B0307A6921}.Debug|x64.Build.0 = Debug|Any CPU
		{7B94EB94-8C4F-43F4-9F02-13B0307A6921}.Debug|x86.ActiveCfg = Debug|Any CPU
		{7B94EB94-8C4F-43F4-9F02-13B0307A6921}.Debug|x86.Build.0 = Debug|Any CPU
		{7B94EB94-8C4F-43F4-9F02-13B0307A6921}.Release|Any CPU.ActiveCfg = Release|Any CPU
		{7B94EB94-8C4F-43F4-9F02-13B0307A6921}.Release|Any CPU.Build.0 = Release|Any CPU
		{7B94EB94-8C4F-43F4-9F02-13B0307A6921}.Release|x64.ActiveCfg = Release|Any CPU
		{7B94EB94-8C4F-43F4-9F02-13B0307A6921}.Release|x64.Build.0 = Release|Any CPU
		{7B94EB94-8C4F-43F4-9F02-13B0307A6921}.Release|x86.ActiveCfg = Release|Any CPU
		{7B94EB94-8C4F-43F4-9F02-13B0307A6921}.Release|x86.Build.0 = Release|Any CPU
	EndGlobalSection
	GlobalSection(SolutionProperties) = preSolution
		HideSolutionNode = FALSE
	EndGlobalSection
	GlobalSection(ExtensibilityGlobals) = postSolution
		SolutionGuid = {A2D5082E-EFB2-4D57-ACE6-C96B8D3DE5C9}
	EndGlobalSection
EndGlobal
